
Microsoft Visual Studio Solution File, Format Version 12.00
# Visual Studio 15
Project("{FAE04EC0-301F-11D3-BF4B-00C04F79EFBC}") = "IUnderstand", "IUnderstand\IUnderstand.csproj", "{95A28E9C-071F-46A6-9858-D5AF4223D53B}"
EndProject
Global
	GlobalSection(SolutionConfigurationPlatforms) = preSolution
		Debug|Any CPU = Debug|Any CPU
		Release|Any CPU = Release|Any CPU
	EndGlobalSection
	GlobalSection(ProjectConfigurationPlatforms) = postSolution
		{95A28E9C-071F-46A6-9858-D5AF4223D53B}.Debug|Any CPU.ActiveCfg = Debug|Any CPU
		{95A28E9C-071F-46A6-9858-D5AF4223D53B}.Debug|Any CPU.Build.0 = Debug|Any CPU
		{95A28E9C-071F-46A6-9858-D5AF4223D53B}.Release|Any CPU.ActiveCfg = Release|Any CPU
		{95A28E9C-071F-46A6-9858-D5AF4223D53B}.Release|Any CPU.Build.0 = Release|Any CPU
	EndGlobalSection
EndGlobal
